
Microsoft Visual Studio Solution File, Format Version 12.00
# Visual Studio 2010
Project("{159641D6-6404-4A2A-AE62-294DE0FE8301}") = "PruebaFTP", "PruebaFTP\PruebaFTP.dtproj", "{1458298C-61A3-4FDA-8DF2-C0865F2C1E3D}"
EndProject
Global
	GlobalSection(SolutionConfigurationPlatforms) = preSolution
		Development|Default = Development|Default
	EndGlobalSection
	GlobalSection(ProjectConfigurationPlatforms) = postSolution
		{1458298C-61A3-4FDA-8DF2-C0865F2C1E3D}.Development|Default.ActiveCfg = Development
		{1458298C-61A3-4FDA-8DF2-C0865F2C1E3D}.Development|Default.Build.0 = Development
		{1458298C-61A3-4FDA-8DF2-C0865F2C1E3D}.Development|Default.Deploy.0 = Development
	EndGlobalSection
	GlobalSection(SolutionProperties) = preSolution
		HideSolutionNode = FALSE
	EndGlobalSection
EndGlobal
